
Microsoft Visual Studio Solution File, Format Version 12.00
# Visual Studio 15
VisualStudioVersion = 15.0.28307.271
MinimumVisualStudioVersion = 10.0.40219.1
Project("{FAE04EC0-301F-11D3-BF4B-00C04F79EFBC}") = "NoodlerMVC", "NoodlerMVC\NoodlerMVC.csproj", "{796633F2-9A30-4872-9034-F54C07B5E55E}"
EndProject
Project("{FAE04EC0-301F-11D3-BF4B-00C04F79EFBC}") = "DataLayer", "DataLayer\DataLayer.csproj", "{F49B0FCA-2F9A-4380-98CC-51E70EA97D1A}"
EndProject
Global
	GlobalSection(SolutionConfigurationPlatforms) = preSolution
		Debug|Any CPU = Debug|Any CPU
		Release|Any CPU = Release|Any CPU
	EndGlobalSection
	GlobalSection(ProjectConfigurationPlatforms) = postSolution
		{796633F2-9A30-4872-9034-F54C07B5E55E}.Debug|Any CPU.ActiveCfg = Debug|Any CPU
		{796633F2-9A30-4872-9034-F54C07B5E55E}.Debug|Any CPU.Build.0 = Debug|Any CPU
		{796633F2-9A30-4872-9034-F54C07B5E55E}.Release|Any CPU.ActiveCfg = Release|Any CPU
		{796633F2-9A30-4872-9034-F54C07B5E55E}.Release|Any CPU.Build.0 = Release|Any CPU
		{F49B0FCA-2F9A-4380-98CC-51E70EA97D1A}.Debug|Any CPU.ActiveCfg = Debug|Any CPU
		{F49B0FCA-2F9A-4380-98CC-51E70EA97D1A}.Debug|Any CPU.Build.0 = Debug|Any CPU
		{F49B0FCA-2F9A-4380-98CC-51E70EA97D1A}.Release|Any CPU.ActiveCfg = Release|Any CPU
		{F49B0FCA-2F9A-4380-98CC-51E70EA97D1A}.Release|Any CPU.Build.0 = Release|Any CPU
	EndGlobalSection
	GlobalSection(SolutionProperties) = preSolution
		HideSolutionNode = FALSE
	EndGlobalSection
	GlobalSection(ExtensibilityGlobals) = postSolution
		SolutionGuid = {00D0537E-30CA-4EC9-B388-6E5007629041}
	EndGlobalSection
EndGlobal
